
Microsoft Visual Studio Solution File, Format Version 12.00
# Visual Studio 2012
Project("{FAE04EC0-301F-11D3-BF4B-00C04F79EFBC}") = "GSios", "GSios\GSios.csproj", "{15E6A0F2-3F90-44A8-B6C5-5776C8E6E254}"
EndProject
Global
	GlobalSection(SolutionConfigurationPlatforms) = preSolution
		Debug|iPhoneSimulator = Debug|iPhoneSimulator
		Release|iPhone = Release|iPhone
		Release|iPhoneSimulator = Release|iPhoneSimulator
		Debug|iPhone = Debug|iPhone
	EndGlobalSection
	GlobalSection(ProjectConfigurationPlatforms) = postSolution
		{15E6A0F2-3F90-44A8-B6C5-5776C8E6E254}.Debug|iPhoneSimulator.ActiveCfg = Debug|iPhoneSimulator
		{15E6A0F2-3F90-44A8-B6C5-5776C8E6E254}.Debug|iPhoneSimulator.Build.0 = Debug|iPhoneSimulator
		{15E6A0F2-3F90-44A8-B6C5-5776C8E6E254}.Release|iPhone.ActiveCfg = Release|iPhone
		{15E6A0F2-3F90-44A8-B6C5-5776C8E6E254}.Release|iPhone.Build.0 = Release|iPhone
		{15E6A0F2-3F90-44A8-B6C5-5776C8E6E254}.Release|iPhoneSimulator.ActiveCfg = Release|iPhoneSimulator
		{15E6A0F2-3F90-44A8-B6C5-5776C8E6E254}.Release|iPhoneSimulator.Build.0 = Release|iPhoneSimulator
		{15E6A0F2-3F90-44A8-B6C5-5776C8E6E254}.Debug|iPhone.ActiveCfg = Debug|iPhone
		{15E6A0F2-3F90-44A8-B6C5-5776C8E6E254}.Debug|iPhone.Build.0 = Debug|iPhone
	EndGlobalSection
EndGlobal
